
Microsoft Visual Studio Solution File, Format Version 11.00
# Visual Studio 2010
Project("{FAE04EC0-301F-11D3-BF4B-00C04F79EFBC}") = "PraLoup.DataAccess", "PraLoup.DataAccess\PraLoup.DataAccess.csproj", "{699F3369-A9D5-4825-ACBC-41843104A795}"
EndProject
Project("{FAE04EC0-301F-11D3-BF4B-00C04F79EFBC}") = "PraLoup.Facebook", "PraLoup.Facebook\PraLoup.Facebook.csproj", "{4C9EAD3E-DFC8-42CE-B324-015F3C9BB95C}"
EndProject
Project("{FAE04EC0-301F-11D3-BF4B-00C04F79EFBC}") = "PraLoup.WebApp", "PraLoup.WebApp\PraLoup.WebApp.csproj", "{B23CD01A-9405-411E-ABC2-4CDB64194C15}"
EndProject
Project("{FAE04EC0-301F-11D3-BF4B-00C04F79EFBC}") = "PraLoup.WebApp.Tests", "PraLoup.WebApp.Test\PraLoup.WebApp.Tests.csproj", "{484C4C44-19F9-4B95-8CB4-A444C1BBD8DA}"
EndProject
Project("{FAE04EC0-301F-11D3-BF4B-00C04F79EFBC}") = "PraLoup.DataPurveyor", "PraLoup.DataPurveyor\PraLoup.DataPurveyor.csproj", "{1CE74374-6A41-41BD-9555-BA441640830B}"
EndProject
Project("{FAE04EC0-301F-11D3-BF4B-00C04F79EFBC}") = "Praloup.Utilities", "Praloup.Utility\Praloup.Utilities.csproj", "{CDBDFC6A-C346-4010-B949-306801A5487D}"
EndProject
Project("{FAE04EC0-301F-11D3-BF4B-00C04F79EFBC}") = "Praloup.DataPurveyor.Tests", "Praloup.DataPurveyor.Test\Praloup.DataPurveyor.Tests.csproj", "{E4CD36E8-C62A-4CF8-BB32-6DDD7EB779CD}"
EndProject
Project("{2150E333-8FDC-42A3-9474-1A3956D46DE8}") = "Solution Items", "Solution Items", "{BED9D70A-76E7-4A25-B10B-3EDF41F823A7}"
	ProjectSection(SolutionItems) = preProject
		Local.testsettings = Local.testsettings
		PraLoup.vsmdi = PraLoup.vsmdi
		TraceAndTestImpact.testsettings = TraceAndTestImpact.testsettings
	EndProjectSection
EndProject
Project("{2150E333-8FDC-42A3-9474-1A3956D46DE8}") = "Test", "Test", "{EE2847BF-1467-43FC-8C8B-B493CBF70865}"
EndProject
Project("{FAE04EC0-301F-11D3-BF4B-00C04F79EFBC}") = "PraLoup.DataAcess.Tests", "PraLoup.DataAcess.Tests\PraLoup.DataAcess.Tests.csproj", "{BA3C1DBE-61B4-44E5-A1CD-A82CF2DC7A0A}"
EndProject
Project("{FAE04EC0-301F-11D3-BF4B-00C04F79EFBC}") = "PraLoup.BusinessLogic", "PraLoup.BusinessLogic\PraLoup.BusinessLogic.csproj", "{4244F04E-3323-406B-BD22-5D743ACAE631}"
EndProject
Project("{FAE04EC0-301F-11D3-BF4B-00C04F79EFBC}") = "PraLoup.Services.Test", "PraLoup.Services.Test\PraLoup.Services.Test.csproj", "{8C86A6BA-FAE8-403A-8C86-B7F48E3274E5}"
EndProject
Project("{FAE04EC0-301F-11D3-BF4B-00C04F79EFBC}") = "PraLoup.Services", "PraLoup.Services\PraLoup.Services.csproj", "{EEFC6A80-C58B-4AAD-8CF5-64064EA8BAD0}"
EndProject
Project("{FAE04EC0-301F-11D3-BF4B-00C04F79EFBC}") = "PraLoup.BusinessLogic.Test", "PraLoup.BusinessLogic.Test\PraLoup.BusinessLogic.Test.csproj", "{164E8A71-32D6-4A12-A78F-6B88FDB4C22F}"
EndProject
Project("{FAE04EC0-301F-11D3-BF4B-00C04F79EFBC}") = "PraLoup.Facebook.Test", "PraLoup.Facebook.Test\PraLoup.Facebook.Test.csproj", "{2BA175B7-EBD2-4E28-B38D-36FA60F83B80}"
EndProject
Project("{FAE04EC0-301F-11D3-BF4B-00C04F79EFBC}") = "PraLoup.Plugins", "ClassLibrary1\PraLoup.Plugins.csproj", "{5EEF5109-A372-4080-8E3B-3899C80F267F}"
EndProject
Global
	GlobalSection(TestCaseManagementSettings) = postSolution
		CategoryFile = PraLoup.vsmdi
	EndGlobalSection
	GlobalSection(SolutionConfigurationPlatforms) = preSolution
		Debug|Any CPU = Debug|Any CPU
		Release|Any CPU = Release|Any CPU
	EndGlobalSection
	GlobalSection(ProjectConfigurationPlatforms) = postSolution
		{699F3369-A9D5-4825-ACBC-41843104A795}.Debug|Any CPU.ActiveCfg = Debug|Any CPU
		{699F3369-A9D5-4825-ACBC-41843104A795}.Debug|Any CPU.Build.0 = Debug|Any CPU
		{699F3369-A9D5-4825-ACBC-41843104A795}.Release|Any CPU.ActiveCfg = Release|Any CPU
		{699F3369-A9D5-4825-ACBC-41843104A795}.Release|Any CPU.Build.0 = Release|Any CPU
		{4C9EAD3E-DFC8-42CE-B324-015F3C9BB95C}.Debug|Any CPU.ActiveCfg = Debug|Any CPU
		{4C9EAD3E-DFC8-42CE-B324-015F3C9BB95C}.Debug|Any CPU.Build.0 = Debug|Any CPU
		{4C9EAD3E-DFC8-42CE-B324-015F3C9BB95C}.Release|Any CPU.ActiveCfg = Release|Any CPU
		{4C9EAD3E-DFC8-42CE-B324-015F3C9BB95C}.Release|Any CPU.Build.0 = Release|Any CPU
		{B23CD01A-9405-411E-ABC2-4CDB64194C15}.Debug|Any CPU.ActiveCfg = Debug|Any CPU
		{B23CD01A-9405-411E-ABC2-4CDB64194C15}.Debug|Any CPU.Build.0 = Debug|Any CPU
		{B23CD01A-9405-411E-ABC2-4CDB64194C15}.Release|Any CPU.ActiveCfg = Release|Any CPU
		{B23CD01A-9405-411E-ABC2-4CDB64194C15}.Release|Any CPU.Build.0 = Release|Any CPU
		{484C4C44-19F9-4B95-8CB4-A444C1BBD8DA}.Debug|Any CPU.ActiveCfg = Debug|Any CPU
		{484C4C44-19F9-4B95-8CB4-A444C1BBD8DA}.Debug|Any CPU.Build.0 = Debug|Any CPU
		{484C4C44-19F9-4B95-8CB4-A444C1BBD8DA}.Release|Any CPU.ActiveCfg = Release|Any CPU
		{484C4C44-19F9-4B95-8CB4-A444C1BBD8DA}.Release|Any CPU.Build.0 = Release|Any CPU
		{1CE74374-6A41-41BD-9555-BA441640830B}.Debug|Any CPU.ActiveCfg = Debug|Any CPU
		{1CE74374-6A41-41BD-9555-BA441640830B}.Debug|Any CPU.Build.0 = Debug|Any CPU
		{1CE74374-6A41-41BD-9555-BA441640830B}.Release|Any CPU.ActiveCfg = Release|Any CPU
		{1CE74374-6A41-41BD-9555-BA441640830B}.Release|Any CPU.Build.0 = Release|Any CPU
		{CDBDFC6A-C346-4010-B949-306801A5487D}.Debug|Any CPU.ActiveCfg = Debug|Any CPU
		{CDBDFC6A-C346-4010-B949-306801A5487D}.Debug|Any CPU.Build.0 = Debug|Any CPU
		{CDBDFC6A-C346-4010-B949-306801A5487D}.Release|Any CPU.ActiveCfg = Release|Any CPU
		{CDBDFC6A-C346-4010-B949-306801A5487D}.Release|Any CPU.Build.0 = Release|Any CPU
		{E4CD36E8-C62A-4CF8-BB32-6DDD7EB779CD}.Debug|Any CPU.ActiveCfg = Debug|Any CPU
		{E4CD36E8-C62A-4CF8-BB32-6DDD7EB779CD}.Debug|Any CPU.Build.0 = Debug|Any CPU
		{E4CD36E8-C62A-4CF8-BB32-6DDD7EB779CD}.Release|Any CPU.ActiveCfg = Release|Any CPU
		{E4CD36E8-C62A-4CF8-BB32-6DDD7EB779CD}.Release|Any CPU.Build.0 = Release|Any CPU
		{BA3C1DBE-61B4-44E5-A1CD-A82CF2DC7A0A}.Debug|Any CPU.ActiveCfg = Debug|Any CPU
		{BA3C1DBE-61B4-44E5-A1CD-A82CF2DC7A0A}.Debug|Any CPU.Build.0 = Debug|Any CPU
		{BA3C1DBE-61B4-44E5-A1CD-A82CF2DC7A0A}.Release|Any CPU.ActiveCfg = Release|Any CPU
		{BA3C1DBE-61B4-44E5-A1CD-A82CF2DC7A0A}.Release|Any CPU.Build.0 = Release|Any CPU
		{4244F04E-3323-406B-BD22-5D743ACAE631}.Debug|Any CPU.ActiveCfg = Debug|Any CPU
		{4244F04E-3323-406B-BD22-5D743ACAE631}.Release|Any CPU.ActiveCfg = Release|Any CPU
		{8C86A6BA-FAE8-403A-8C86-B7F48E3274E5}.Debug|Any CPU.ActiveCfg = Debug|Any CPU
		{8C86A6BA-FAE8-403A-8C86-B7F48E3274E5}.Debug|Any CPU.Build.0 = Debug|Any CPU
		{8C86A6BA-FAE8-403A-8C86-B7F48E3274E5}.Release|Any CPU.ActiveCfg = Release|Any CPU
		{8C86A6BA-FAE8-403A-8C86-B7F48E3274E5}.Release|Any CPU.Build.0 = Release|Any CPU
		{EEFC6A80-C58B-4AAD-8CF5-64064EA8BAD0}.Debug|Any CPU.ActiveCfg = Debug|Any CPU
		{EEFC6A80-C58B-4AAD-8CF5-64064EA8BAD0}.Debug|Any CPU.Build.0 = Debug|Any CPU
		{EEFC6A80-C58B-4AAD-8CF5-64064EA8BAD0}.Release|Any CPU.ActiveCfg = Release|Any CPU
		{EEFC6A80-C58B-4AAD-8CF5-64064EA8BAD0}.Release|Any CPU.Build.0 = Release|Any CPU
		{164E8A71-32D6-4A12-A78F-6B88FDB4C22F}.Debug|Any CPU.ActiveCfg = Debug|Any CPU
		{164E8A71-32D6-4A12-A78F-6B88FDB4C22F}.Debug|Any CPU.Build.0 = Debug|Any CPU
		{164E8A71-32D6-4A12-A78F-6B88FDB4C22F}.Release|Any CPU.ActiveCfg = Release|Any CPU
		{164E8A71-32D6-4A12-A78F-6B88FDB4C22F}.Release|Any CPU.Build.0 = Release|Any CPU
		{2BA175B7-EBD2-4E28-B38D-36FA60F83B80}.Debug|Any CPU.ActiveCfg = Debug|Any CPU
		{2BA175B7-EBD2-4E28-B38D-36FA60F83B80}.Debug|Any CPU.Build.0 = Debug|Any CPU
		{2BA175B7-EBD2-4E28-B38D-36FA60F83B80}.Release|Any CPU.ActiveCfg = Release|Any CPU
		{2BA175B7-EBD2-4E28-B38D-36FA60F83B80}.Release|Any CPU.Build.0 = Release|Any CPU
		{5EEF5109-A372-4080-8E3B-3899C80F267F}.Debug|Any CPU.ActiveCfg = Debug|Any CPU
		{5EEF5109-A372-4080-8E3B-3899C80F267F}.Debug|Any CPU.Build.0 = Debug|Any CPU
		{5EEF5109-A372-4080-8E3B-3899C80F267F}.Release|Any CPU.ActiveCfg = Release|Any CPU
		{5EEF5109-A372-4080-8E3B-3899C80F267F}.Release|Any CPU.Build.0 = Release|Any CPU
	EndGlobalSection
	GlobalSection(SolutionProperties) = preSolution
		HideSolutionNode = FALSE
	EndGlobalSection
	GlobalSection(NestedProjects) = preSolution
		{E4CD36E8-C62A-4CF8-BB32-6DDD7EB779CD} = {EE2847BF-1467-43FC-8C8B-B493CBF70865}
		{484C4C44-19F9-4B95-8CB4-A444C1BBD8DA} = {EE2847BF-1467-43FC-8C8B-B493CBF70865}
		{BA3C1DBE-61B4-44E5-A1CD-A82CF2DC7A0A} = {EE2847BF-1467-43FC-8C8B-B493CBF70865}
		{8C86A6BA-FAE8-403A-8C86-B7F48E3274E5} = {EE2847BF-1467-43FC-8C8B-B493CBF70865}
		{164E8A71-32D6-4A12-A78F-6B88FDB4C22F} = {EE2847BF-1467-43FC-8C8B-B493CBF70865}
		{2BA175B7-EBD2-4E28-B38D-36FA60F83B80} = {EE2847BF-1467-43FC-8C8B-B493CBF70865}
	EndGlobalSection
EndGlobal
