
Microsoft Visual Studio Solution File, Format Version 11.00
# Visual Studio 2010
Project("{FAE04EC0-301F-11D3-BF4B-00C04F79EFBC}") = "oauthtest", "oauthtest\oauthtest.csproj", "{B53D83DC-08ED-4F8C-B81C-46FB54C8F23B}"
EndProject
Global
	GlobalSection(SolutionConfigurationPlatforms) = preSolution
		Debug|Any CPU = Debug|Any CPU
		Release|Any CPU = Release|Any CPU
	EndGlobalSection
	GlobalSection(ProjectConfigurationPlatforms) = postSolution
		{B53D83DC-08ED-4F8C-B81C-46FB54C8F23B}.Debug|Any CPU.ActiveCfg = Debug|Any CPU
		{B53D83DC-08ED-4F8C-B81C-46FB54C8F23B}.Debug|Any CPU.Build.0 = Debug|Any CPU
		{B53D83DC-08ED-4F8C-B81C-46FB54C8F23B}.Release|Any CPU.ActiveCfg = Release|Any CPU
		{B53D83DC-08ED-4F8C-B81C-46FB54C8F23B}.Release|Any CPU.Build.0 = Release|Any CPU
	EndGlobalSection
	GlobalSection(SolutionProperties) = preSolution
		HideSolutionNode = FALSE
	EndGlobalSection
EndGlobal
